Microsoft Visual Studio Solution File, Format Version 12.00
# Visual Studio 14
Project("{8BC9CEB8-8B4A-11D0-8D11-00A0C91BC942}") = "ALL_BUILD", "ALL_BUILD.vcxproj", "{7A93DD00-4102-358A-ABA5-B649694ABA16}"
	ProjectSection(ProjectDependencies) = postProject
		{250E22F1-2859-3088-8BB6-0A51C90000F7} = {250E22F1-2859-3088-8BB6-0A51C90000F7}
		{1412D606-2FFB-3DED-B32E-F9FB2EC52F1E} = {1412D606-2FFB-3DED-B32E-F9FB2EC52F1E}
		{95AFD236-A5DD-36BE-B42C-DE390311C851} = {95AFD236-A5DD-36BE-B42C-DE390311C851}
		{CF3F5D4C-FEB7-3E39-A2A5-5DF27C256C2A} = {CF3F5D4C-FEB7-3E39-A2A5-5DF27C256C2A}
		{83F9285F-90A2-3228-A89C-2AB4592E0D28} = {83F9285F-90A2-3228-A89C-2AB4592E0D28}
		{7D80048F-4F7B-3C6D-BE80-4A8F532088CC} = {7D80048F-4F7B-3C6D-BE80-4A8F532088CC}
		{223228F6-5DBC-3A52-B018-0B8116EB2A7D} = {223228F6-5DBC-3A52-B018-0B8116EB2A7D}
		{95E91150-3C79-33DB-AF5B-838BF38357E6} = {95E91150-3C79-33DB-AF5B-838BF38357E6}
		{5E06C73B-BEE5-3FA9-ABCC-8E346EC6C08B} = {5E06C73B-BEE5-3FA9-ABCC-8E346EC6C08B}
		{7C8B4C7F-FDF4-339A-B37B-F621565149FF} = {7C8B4C7F-FDF4-339A-B37B-F621565149FF}
		{3CB2E8FB-CC54-3F46-86AE-6F22092EFDC1} = {3CB2E8FB-CC54-3F46-86AE-6F22092EFDC1}
		{56178550-C6DC-3032-9DAA-973507D45080} = {56178550-C6DC-3032-9DAA-973507D45080}
		{F90D105A-50B7-385A-B648-6280F08AD791} = {F90D105A-50B7-385A-B648-6280F08AD791}
		{532B6B18-22C0-3FFE-B077-F8753F285F87} = {532B6B18-22C0-3FFE-B077-F8753F285F87}
		{212DF4A1-02A9-334D-8134-B06A4D7CE62A} = {212DF4A1-02A9-334D-8134-B06A4D7CE62A}
		{20A43A8B-AB2D-34EC-AE54-93202BDCE5A6} = {20A43A8B-AB2D-34EC-AE54-93202BDCE5A6}
		{5BDD5BE6-8AEC-3C40-BD28-F01BDC42B30A} = {5BDD5BE6-8AEC-3C40-BD28-F01BDC42B30A}
		{7DFE0661-1FC9-3957-92AD-B5080C1C35A5} = {7DFE0661-1FC9-3957-92AD-B5080C1C35A5}
		{AFB46437-383C-393D-A01A-98C614D8CB93} = {AFB46437-383C-393D-A01A-98C614D8CB93}
		{49B1DCF9-E36D-3143-BDD2-85A1B6BA5A10} = {49B1DCF9-E36D-3143-BDD2-85A1B6BA5A10}
		{5211BA1D-9D3D-367A-B950-94AF9A1AE30F} = {5211BA1D-9D3D-367A-B950-94AF9A1AE30F}
		{6DB78EBA-6F09-3068-A4C3-C2173D8BC9E7} = {6DB78EBA-6F09-3068-A4C3-C2173D8BC9E7}
		{8121C211-E4CB-3477-A12E-77CB8EFC44C9} = {8121C211-E4CB-3477-A12E-77CB8EFC44C9}
		{EB3335B6-C7CA-3B79-82F0-9CBCB0A0B17A} = {EB3335B6-C7CA-3B79-82F0-9CBCB0A0B17A}
		{06C9C3AE-4E71-37D5-B523-C523A4179E0D} = {06C9C3AE-4E71-37D5-B523-C523A4179E0D}
		{1FFC5C3A-4D65-3E8D-98A6-D38493A4E24E} = {1FFC5C3A-4D65-3E8D-98A6-D38493A4E24E}
		{4E2C1E13-4AC2-3E1B-A9BE-08BB0D4468EF} = {4E2C1E13-4AC2-3E1B-A9BE-08BB0D4468EF}
		{5F00CFEA-451D-3CE9-971C-569D973FFE45} = {5F00CFEA-451D-3CE9-971C-569D973FFE45}
		{8884A461-CE58-3042-BC6B-50853318D128} = {8884A461-CE58-3042-BC6B-50853318D128}
		{C26E1CC1-EF51-36A4-BA24-54B857D6D0DB} = {C26E1CC1-EF51-36A4-BA24-54B857D6D0DB}
		{2DB10F52-491A-3766-BAC3-D1CB7CBEAE1C} = {2DB10F52-491A-3766-BAC3-D1CB7CBEAE1C}
		{4CF5B073-69BB-3CEF-B86F-7AE618627E92} = {4CF5B073-69BB-3CEF-B86F-7AE618627E92}
		{36C10AB5-8552-3429-995E-11B774159687} = {36C10AB5-8552-3429-995E-11B774159687}
		{04190BD9-B5C6-39AD-B495-71414CE41102} = {04190BD9-B5C6-39AD-B495-71414CE41102}
		{FB083A7B-0CAB-39E2-B8BD-2338EF13F44B} = {FB083A7B-0CAB-39E2-B8BD-2338EF13F44B}
		{B51B32EE-5B49-3A0E-8AD8-9727898191C8} = {B51B32EE-5B49-3A0E-8AD8-9727898191C8}
	EndProjectSection
EndProject
Project("{8BC9CEB8-8B4A-11D0-8D11-00A0C91BC942}") = "AppBasicExampleGui", "examples\BasicDemo\AppBasicExampleGui.vcxproj", "{250E22F1-2859-3088-8BB6-0A51C90000F7}"
	ProjectSection(ProjectDependencies) = postProject
		{5E06C73B-BEE5-3FA9-ABCC-8E346EC6C08B} = {5E06C73B-BEE5-3FA9-ABCC-8E346EC6C08B}
		{F90D105A-50B7-385A-B648-6280F08AD791} = {F90D105A-50B7-385A-B648-6280F08AD791}
		{532B6B18-22C0-3FFE-B077-F8753F285F87} = {532B6B18-22C0-3FFE-B077-F8753F285F87}
		{1FFC5C3A-4D65-3E8D-98A6-D38493A4E24E} = {1FFC5C3A-4D65-3E8D-98A6-D38493A4E24E}
		{4E2C1E13-4AC2-3E1B-A9BE-08BB0D4468EF} = {4E2C1E13-4AC2-3E1B-A9BE-08BB0D4468EF}
		{04190BD9-B5C6-39AD-B495-71414CE41102} = {04190BD9-B5C6-39AD-B495-71414CE41102}
	EndProjectSection
EndProject
Project("{8BC9CEB8-8B4A-11D0-8D11-00A0C91BC942}") = "App_BasicExample", "examples\BasicDemo\App_BasicExample.vcxproj", "{1412D606-2FFB-3DED-B32E-F9FB2EC52F1E}"
	ProjectSection(ProjectDependencies) = postProject
		{F90D105A-50B7-385A-B648-6280F08AD791} = {F90D105A-50B7-385A-B648-6280F08AD791}
		{532B6B18-22C0-3FFE-B077-F8753F285F87} = {532B6B18-22C0-3FFE-B077-F8753F285F87}
		{1FFC5C3A-4D65-3E8D-98A6-D38493A4E24E} = {1FFC5C3A-4D65-3E8D-98A6-D38493A4E24E}
		{04190BD9-B5C6-39AD-B495-71414CE41102} = {04190BD9-B5C6-39AD-B495-71414CE41102}
	EndProjectSection
EndProject
Project("{8BC9CEB8-8B4A-11D0-8D11-00A0C91BC942}") = "App_ExampleBrowser", "examples\ExampleBrowser\App_ExampleBrowser.vcxproj", "{95AFD236-A5DD-36BE-B42C-DE390311C851}"
	ProjectSection(ProjectDependencies) = postProject
		{5E06C73B-BEE5-3FA9-ABCC-8E346EC6C08B} = {5E06C73B-BEE5-3FA9-ABCC-8E346EC6C08B}
		{F90D105A-50B7-385A-B648-6280F08AD791} = {F90D105A-50B7-385A-B648-6280F08AD791}
		{532B6B18-22C0-3FFE-B077-F8753F285F87} = {532B6B18-22C0-3FFE-B077-F8753F285F87}
		{212DF4A1-02A9-334D-8134-B06A4D7CE62A} = {212DF4A1-02A9-334D-8134-B06A4D7CE62A}
		{5BDD5BE6-8AEC-3C40-BD28-F01BDC42B30A} = {5BDD5BE6-8AEC-3C40-BD28-F01BDC42B30A}
		{7DFE0661-1FC9-3957-92AD-B5080C1C35A5} = {7DFE0661-1FC9-3957-92AD-B5080C1C35A5}
		{AFB46437-383C-393D-A01A-98C614D8CB93} = {AFB46437-383C-393D-A01A-98C614D8CB93}
		{6DB78EBA-6F09-3068-A4C3-C2173D8BC9E7} = {6DB78EBA-6F09-3068-A4C3-C2173D8BC9E7}
		{1FFC5C3A-4D65-3E8D-98A6-D38493A4E24E} = {1FFC5C3A-4D65-3E8D-98A6-D38493A4E24E}
		{4E2C1E13-4AC2-3E1B-A9BE-08BB0D4468EF} = {4E2C1E13-4AC2-3E1B-A9BE-08BB0D4468EF}
		{04190BD9-B5C6-39AD-B495-71414CE41102} = {04190BD9-B5C6-39AD-B495-71414CE41102}
		{B51B32EE-5B49-3A0E-8AD8-9727898191C8} = {B51B32EE-5B49-3A0E-8AD8-9727898191C8}
	EndProjectSection
EndProject
Project("{8BC9CEB8-8B4A-11D0-8D11-00A0C91BC942}") = "App_HelloWorld", "examples\HelloWorld\App_HelloWorld.vcxproj", "{CF3F5D4C-FEB7-3E39-A2A5-5DF27C256C2A}"
	ProjectSection(ProjectDependencies) = postProject
		{F90D105A-50B7-385A-B648-6280F08AD791} = {F90D105A-50B7-385A-B648-6280F08AD791}
		{532B6B18-22C0-3FFE-B077-F8753F285F87} = {532B6B18-22C0-3FFE-B077-F8753F285F87}
		{1FFC5C3A-4D65-3E8D-98A6-D38493A4E24E} = {1FFC5C3A-4D65-3E8D-98A6-D38493A4E24E}
		{04190BD9-B5C6-39AD-B495-71414CE41102} = {04190BD9-B5C6-39AD-B495-71414CE41102}
	EndProjectSection
EndProject
Project("{8BC9CEB8-8B4A-11D0-8D11-00A0C91BC942}") = "App_SharedMemoryPhysics", "examples\SharedMemory\App_SharedMemoryPhysics.vcxproj", "{83F9285F-90A2-3228-A89C-2AB4592E0D28}"
	ProjectSection(ProjectDependencies) = postProject
		{5E06C73B-BEE5-3FA9-ABCC-8E346EC6C08B} = {5E06C73B-BEE5-3FA9-ABCC-8E346EC6C08B}
		{F90D105A-50B7-385A-B648-6280F08AD791} = {F90D105A-50B7-385A-B648-6280F08AD791}
		{532B6B18-22C0-3FFE-B077-F8753F285F87} = {532B6B18-22C0-3FFE-B077-F8753F285F87}
		{20A43A8B-AB2D-34EC-AE54-93202BDCE5A6} = {20A43A8B-AB2D-34EC-AE54-93202BDCE5A6}
		{5BDD5BE6-8AEC-3C40-BD28-F01BDC42B30A} = {5BDD5BE6-8AEC-3C40-BD28-F01BDC42B30A}
		{7DFE0661-1FC9-3957-92AD-B5080C1C35A5} = {7DFE0661-1FC9-3957-92AD-B5080C1C35A5}
		{49B1DCF9-E36D-3143-BDD2-85A1B6BA5A10} = {49B1DCF9-E36D-3143-BDD2-85A1B6BA5A10}
		{6DB78EBA-6F09-3068-A4C3-C2173D8BC9E7} = {6DB78EBA-6F09-3068-A4C3-C2173D8BC9E7}
		{1FFC5C3A-4D65-3E8D-98A6-D38493A4E24E} = {1FFC5C3A-4D65-3E8D-98A6-D38493A4E24E}
		{04190BD9-B5C6-39AD-B495-71414CE41102} = {04190BD9-B5C6-39AD-B495-71414CE41102}
	EndProjectSection
EndProject
Project("{8BC9CEB8-8B4A-11D0-8D11-00A0C91BC942}") = "App_SharedMemoryPhysics_GUI", "examples\SharedMemory\App_SharedMemoryPhysics_GUI.vcxproj", "{7D80048F-4F7B-3C6D-BE80-4A8F532088CC}"
	ProjectSection(ProjectDependencies) = postProject
		{5E06C73B-BEE5-3FA9-ABCC-8E346EC6C08B} = {5E06C73B-BEE5-3FA9-ABCC-8E346EC6C08B}
		{F90D105A-50B7-385A-B648-6280F08AD791} = {F90D105A-50B7-385A-B648-6280F08AD791}
		{532B6B18-22C0-3FFE-B077-F8753F285F87} = {532B6B18-22C0-3FFE-B077-F8753F285F87}
		{20A43A8B-AB2D-34EC-AE54-93202BDCE5A6} = {20A43A8B-AB2D-34EC-AE54-93202BDCE5A6}
		{5BDD5BE6-8AEC-3C40-BD28-F01BDC42B30A} = {5BDD5BE6-8AEC-3C40-BD28-F01BDC42B30A}
		{7DFE0661-1FC9-3957-92AD-B5080C1C35A5} = {7DFE0661-1FC9-3957-92AD-B5080C1C35A5}
		{49B1DCF9-E36D-3143-BDD2-85A1B6BA5A10} = {49B1DCF9-E36D-3143-BDD2-85A1B6BA5A10}
		{6DB78EBA-6F09-3068-A4C3-C2173D8BC9E7} = {6DB78EBA-6F09-3068-A4C3-C2173D8BC9E7}
		{1FFC5C3A-4D65-3E8D-98A6-D38493A4E24E} = {1FFC5C3A-4D65-3E8D-98A6-D38493A4E24E}
		{4E2C1E13-4AC2-3E1B-A9BE-08BB0D4468EF} = {4E2C1E13-4AC2-3E1B-A9BE-08BB0D4468EF}
		{04190BD9-B5C6-39AD-B495-71414CE41102} = {04190BD9-B5C6-39AD-B495-71414CE41102}
	EndProjectSection
EndProject
Project("{8BC9CEB8-8B4A-11D0-8D11-00A0C91BC942}") = "Bullet2FileLoader", "src\Bullet3Serialize\Bullet2FileLoader\Bullet2FileLoader.vcxproj", "{223228F6-5DBC-3A52-B018-0B8116EB2A7D}"
	ProjectSection(ProjectDependencies) = postProject
		{04190BD9-B5C6-39AD-B495-71414CE41102} = {04190BD9-B5C6-39AD-B495-71414CE41102}
	EndProjectSection
EndProject
Project("{8BC9CEB8-8B4A-11D0-8D11-00A0C91BC942}") = "Bullet3Collision", "src\Bullet3Collision\Bullet3Collision.vcxproj", "{95E91150-3C79-33DB-AF5B-838BF38357E6}"
	ProjectSection(ProjectDependencies) = postProject
		{04190BD9-B5C6-39AD-B495-71414CE41102} = {04190BD9-B5C6-39AD-B495-71414CE41102}
	EndProjectSection
EndProject
Project("{8BC9CEB8-8B4A-11D0-8D11-00A0C91BC942}") = "Bullet3Common", "src\Bullet3Common\Bullet3Common.vcxproj", "{5E06C73B-BEE5-3FA9-ABCC-8E346EC6C08B}"
	ProjectSection(ProjectDependencies) = postProject
		{04190BD9-B5C6-39AD-B495-71414CE41102} = {04190BD9-B5C6-39AD-B495-71414CE41102}
	EndProjectSection
EndProject
Project("{8BC9CEB8-8B4A-11D0-8D11-00A0C91BC942}") = "Bullet3Dynamics", "src\Bullet3Dynamics\Bullet3Dynamics.vcxproj", "{7C8B4C7F-FDF4-339A-B37B-F621565149FF}"
	ProjectSection(ProjectDependencies) = postProject
		{04190BD9-B5C6-39AD-B495-71414CE41102} = {04190BD9-B5C6-39AD-B495-71414CE41102}
	EndProjectSection
EndProject
Project("{8BC9CEB8-8B4A-11D0-8D11-00A0C91BC942}") = "Bullet3Geometry", "src\Bullet3Geometry\Bullet3Geometry.vcxproj", "{3CB2E8FB-CC54-3F46-86AE-6F22092EFDC1}"
	ProjectSection(ProjectDependencies) = postProject
		{04190BD9-B5C6-39AD-B495-71414CE41102} = {04190BD9-B5C6-39AD-B495-71414CE41102}
	EndProjectSection
EndProject
Project("{8BC9CEB8-8B4A-11D0-8D11-00A0C91BC942}") = "Bullet3OpenCL_clew", "src\Bullet3OpenCL\Bullet3OpenCL_clew.vcxproj", "{56178550-C6DC-3032-9DAA-973507D45080}"
	ProjectSection(ProjectDependencies) = postProject
		{04190BD9-B5C6-39AD-B495-71414CE41102} = {04190BD9-B5C6-39AD-B495-71414CE41102}
	EndProjectSection
EndProject
Project("{8BC9CEB8-8B4A-11D0-8D11-00A0C91BC942}") = "BulletCollision", "src\BulletCollision\BulletCollision.vcxproj", "{F90D105A-50B7-385A-B648-6280F08AD791}"
	ProjectSection(ProjectDependencies) = postProject
		{04190BD9-B5C6-39AD-B495-71414CE41102} = {04190BD9-B5C6-39AD-B495-71414CE41102}
	EndProjectSection
EndProject
Project("{8BC9CEB8-8B4A-11D0-8D11-00A0C91BC942}") = "BulletDynamics", "src\BulletDynamics\BulletDynamics.vcxproj", "{532B6B18-22C0-3FFE-B077-F8753F285F87}"
	ProjectSection(ProjectDependencies) = postProject
		{04190BD9-B5C6-39AD-B495-71414CE41102} = {04190BD9-B5C6-39AD-B495-71414CE41102}
	EndProjectSection
EndProject
Project("{8BC9CEB8-8B4A-11D0-8D11-00A0C91BC942}") = "BulletExampleBrowserLib", "examples\ExampleBrowser\BulletExampleBrowserLib.vcxproj", "{212DF4A1-02A9-334D-8134-B06A4D7CE62A}"
	ProjectSection(ProjectDependencies) = postProject
		{04190BD9-B5C6-39AD-B495-71414CE41102} = {04190BD9-B5C6-39AD-B495-71414CE41102}
	EndProjectSection
EndProject
Project("{8BC9CEB8-8B4A-11D0-8D11-00A0C91BC942}") = "BulletFileLoader", "Extras\Serialize\BulletFileLoader\BulletFileLoader.vcxproj", "{20A43A8B-AB2D-34EC-AE54-93202BDCE5A6}"
	ProjectSection(ProjectDependencies) = postProject
		{04190BD9-B5C6-39AD-B495-71414CE41102} = {04190BD9-B5C6-39AD-B495-71414CE41102}
	EndProjectSection
EndProject
Project("{8BC9CEB8-8B4A-11D0-8D11-00A0C91BC942}") = "BulletInverseDynamics", "src\BulletInverseDynamics\BulletInverseDynamics.vcxproj", "{5BDD5BE6-8AEC-3C40-BD28-F01BDC42B30A}"
	ProjectSection(ProjectDependencies) = postProject
		{04190BD9-B5C6-39AD-B495-71414CE41102} = {04190BD9-B5C6-39AD-B495-71414CE41102}
	EndProjectSection
EndProject
Project("{8BC9CEB8-8B4A-11D0-8D11-00A0C91BC942}") = "BulletInverseDynamicsUtils", "Extras\InverseDynamics\BulletInverseDynamicsUtils.vcxproj", "{7DFE0661-1FC9-3957-92AD-B5080C1C35A5}"
	ProjectSection(ProjectDependencies) = postProject
		{04190BD9-B5C6-39AD-B495-71414CE41102} = {04190BD9-B5C6-39AD-B495-71414CE41102}
	EndProjectSection
EndProject
Project("{8BC9CEB8-8B4A-11D0-8D11-00A0C91BC942}") = "BulletSoftBody", "src\BulletSoftBody\BulletSoftBody.vcxproj", "{AFB46437-383C-393D-A01A-98C614D8CB93}"
	ProjectSection(ProjectDependencies) = postProject
		{04190BD9-B5C6-39AD-B495-71414CE41102} = {04190BD9-B5C6-39AD-B495-71414CE41102}
	EndProjectSection
EndProject
Project("{8BC9CEB8-8B4A-11D0-8D11-00A0C91BC942}") = "BulletWorldImporter", "Extras\Serialize\BulletWorldImporter\BulletWorldImporter.vcxproj", "{49B1DCF9-E36D-3143-BDD2-85A1B6BA5A10}"
	ProjectSection(ProjectDependencies) = postProject
		{04190BD9-B5C6-39AD-B495-71414CE41102} = {04190BD9-B5C6-39AD-B495-71414CE41102}
	EndProjectSection
EndProject
Project("{8BC9CEB8-8B4A-11D0-8D11-00A0C91BC942}") = "BulletXmlWorldImporter", "Extras\Serialize\BulletXmlWorldImporter\BulletXmlWorldImporter.vcxproj", "{5211BA1D-9D3D-367A-B950-94AF9A1AE30F}"
	ProjectSection(ProjectDependencies) = postProject
		{04190BD9-B5C6-39AD-B495-71414CE41102} = {04190BD9-B5C6-39AD-B495-71414CE41102}
	EndProjectSection
EndProject
Project("{8BC9CEB8-8B4A-11D0-8D11-00A0C91BC942}") = "BussIK", "examples\ThirdPartyLibs\BussIK\BussIK.vcxproj", "{6DB78EBA-6F09-3068-A4C3-C2173D8BC9E7}"
	ProjectSection(ProjectDependencies) = postProject
		{04190BD9-B5C6-39AD-B495-71414CE41102} = {04190BD9-B5C6-39AD-B495-71414CE41102}
	EndProjectSection
EndProject
Project("{8BC9CEB8-8B4A-11D0-8D11-00A0C91BC942}") = "ConvexDecomposition", "Extras\ConvexDecomposition\ConvexDecomposition.vcxproj", "{8121C211-E4CB-3477-A12E-77CB8EFC44C9}"
	ProjectSection(ProjectDependencies) = postProject
		{04190BD9-B5C6-39AD-B495-71414CE41102} = {04190BD9-B5C6-39AD-B495-71414CE41102}
	EndProjectSection
EndProject
Project("{8BC9CEB8-8B4A-11D0-8D11-00A0C91BC942}") = "GIMPACTUtils", "Extras\GIMPACTUtils\GIMPACTUtils.vcxproj", "{EB3335B6-C7CA-3B79-82F0-9CBCB0A0B17A}"
	ProjectSection(ProjectDependencies) = postProject
		{04190BD9-B5C6-39AD-B495-71414CE41102} = {04190BD9-B5C6-39AD-B495-71414CE41102}
	EndProjectSection
EndProject
Project("{8BC9CEB8-8B4A-11D0-8D11-00A0C91BC942}") = "HACD", "Extras\HACD\HACD.vcxproj", "{06C9C3AE-4E71-37D5-B523-C523A4179E0D}"
	ProjectSection(ProjectDependencies) = postProject
		{04190BD9-B5C6-39AD-B495-71414CE41102} = {04190BD9-B5C6-39AD-B495-71414CE41102}
	EndProjectSection
EndProject
Project("{8BC9CEB8-8B4A-11D0-8D11-00A0C91BC942}") = "INSTALL", "INSTALL.vcxproj", "{282E4E3A-B5F0-3894-BBDD-0EE58FE9D68D}"
	ProjectSection(ProjectDependencies) = postProject
		{7A93DD00-4102-358A-ABA5-B649694ABA16} = {7A93DD00-4102-358A-ABA5-B649694ABA16}
		{04190BD9-B5C6-39AD-B495-71414CE41102} = {04190BD9-B5C6-39AD-B495-71414CE41102}
	EndProjectSection
EndProject
Project("{8BC9CEB8-8B4A-11D0-8D11-00A0C91BC942}") = "LinearMath", "src\LinearMath\LinearMath.vcxproj", "{1FFC5C3A-4D65-3E8D-98A6-D38493A4E24E}"
	ProjectSection(ProjectDependencies) = postProject
		{04190BD9-B5C6-39AD-B495-71414CE41102} = {04190BD9-B5C6-39AD-B495-71414CE41102}
	EndProjectSection
EndProject
Project("{8BC9CEB8-8B4A-11D0-8D11-00A0C91BC942}") = "OpenGLWindow", "examples\OpenGLWindow\OpenGLWindow.vcxproj", "{4E2C1E13-4AC2-3E1B-A9BE-08BB0D4468EF}"
	ProjectSection(ProjectDependencies) = postProject
		{04190BD9-B5C6-39AD-B495-71414CE41102} = {04190BD9-B5C6-39AD-B495-71414CE41102}
	EndProjectSection
EndProject
Project("{8BC9CEB8-8B4A-11D0-8D11-00A0C91BC942}") = "RUN_TESTS", "RUN_TESTS.vcxproj", "{0AFDCC0A-1C07-3ADF-9E85-F1BF1905A2FA}"
	ProjectSection(ProjectDependencies) = postProject
		{04190BD9-B5C6-39AD-B495-71414CE41102} = {04190BD9-B5C6-39AD-B495-71414CE41102}
	EndProjectSection
EndProject
Project("{8BC9CEB8-8B4A-11D0-8D11-00A0C91BC942}") = "Test_BulletDynamics", "test\BulletDynamics\pendulum\Test_BulletDynamics.vcxproj", "{5F00CFEA-451D-3CE9-971C-569D973FFE45}"
	ProjectSection(ProjectDependencies) = postProject
		{F90D105A-50B7-385A-B648-6280F08AD791} = {F90D105A-50B7-385A-B648-6280F08AD791}
		{532B6B18-22C0-3FFE-B077-F8753F285F87} = {532B6B18-22C0-3FFE-B077-F8753F285F87}
		{1FFC5C3A-4D65-3E8D-98A6-D38493A4E24E} = {1FFC5C3A-4D65-3E8D-98A6-D38493A4E24E}
		{04190BD9-B5C6-39AD-B495-71414CE41102} = {04190BD9-B5C6-39AD-B495-71414CE41102}
		{FB083A7B-0CAB-39E2-B8BD-2338EF13F44B} = {FB083A7B-0CAB-39E2-B8BD-2338EF13F44B}
	EndProjectSection
EndProject
Project("{8BC9CEB8-8B4A-11D0-8D11-00A0C91BC942}") = "Test_BulletInverseDynamics", "test\InverseDynamics\Test_BulletInverseDynamics.vcxproj", "{8884A461-CE58-3042-BC6B-50853318D128}"
	ProjectSection(ProjectDependencies) = postProject
		{5E06C73B-BEE5-3FA9-ABCC-8E346EC6C08B} = {5E06C73B-BEE5-3FA9-ABCC-8E346EC6C08B}
		{F90D105A-50B7-385A-B648-6280F08AD791} = {F90D105A-50B7-385A-B648-6280F08AD791}
		{532B6B18-22C0-3FFE-B077-F8753F285F87} = {532B6B18-22C0-3FFE-B077-F8753F285F87}
		{5BDD5BE6-8AEC-3C40-BD28-F01BDC42B30A} = {5BDD5BE6-8AEC-3C40-BD28-F01BDC42B30A}
		{7DFE0661-1FC9-3957-92AD-B5080C1C35A5} = {7DFE0661-1FC9-3957-92AD-B5080C1C35A5}
		{1FFC5C3A-4D65-3E8D-98A6-D38493A4E24E} = {1FFC5C3A-4D65-3E8D-98A6-D38493A4E24E}
		{04190BD9-B5C6-39AD-B495-71414CE41102} = {04190BD9-B5C6-39AD-B495-71414CE41102}
		{FB083A7B-0CAB-39E2-B8BD-2338EF13F44B} = {FB083A7B-0CAB-39E2-B8BD-2338EF13F44B}
	EndProjectSection
EndProject
Project("{8BC9CEB8-8B4A-11D0-8D11-00A0C91BC942}") = "Test_BulletInverseDynamicsJacobian", "test\InverseDynamics\Test_BulletInverseDynamicsJacobian.vcxproj", "{C26E1CC1-EF51-36A4-BA24-54B857D6D0DB}"
	ProjectSection(ProjectDependencies) = postProject
		{5E06C73B-BEE5-3FA9-ABCC-8E346EC6C08B} = {5E06C73B-BEE5-3FA9-ABCC-8E346EC6C08B}
		{5BDD5BE6-8AEC-3C40-BD28-F01BDC42B30A} = {5BDD5BE6-8AEC-3C40-BD28-F01BDC42B30A}
		{7DFE0661-1FC9-3957-92AD-B5080C1C35A5} = {7DFE0661-1FC9-3957-92AD-B5080C1C35A5}
		{1FFC5C3A-4D65-3E8D-98A6-D38493A4E24E} = {1FFC5C3A-4D65-3E8D-98A6-D38493A4E24E}
		{04190BD9-B5C6-39AD-B495-71414CE41102} = {04190BD9-B5C6-39AD-B495-71414CE41102}
		{FB083A7B-0CAB-39E2-B8BD-2338EF13F44B} = {FB083A7B-0CAB-39E2-B8BD-2338EF13F44B}
	EndProjectSection
EndProject
Project("{8BC9CEB8-8B4A-11D0-8D11-00A0C91BC942}") = "Test_BulletInverseForwardDynamics", "test\InverseDynamics\Test_BulletInverseForwardDynamics.vcxproj", "{2DB10F52-491A-3766-BAC3-D1CB7CBEAE1C}"
	ProjectSection(ProjectDependencies) = postProject
		{5E06C73B-BEE5-3FA9-ABCC-8E346EC6C08B} = {5E06C73B-BEE5-3FA9-ABCC-8E346EC6C08B}
		{F90D105A-50B7-385A-B648-6280F08AD791} = {F90D105A-50B7-385A-B648-6280F08AD791}
		{532B6B18-22C0-3FFE-B077-F8753F285F87} = {532B6B18-22C0-3FFE-B077-F8753F285F87}
		{5BDD5BE6-8AEC-3C40-BD28-F01BDC42B30A} = {5BDD5BE6-8AEC-3C40-BD28-F01BDC42B30A}
		{7DFE0661-1FC9-3957-92AD-B5080C1C35A5} = {7DFE0661-1FC9-3957-92AD-B5080C1C35A5}
		{1FFC5C3A-4D65-3E8D-98A6-D38493A4E24E} = {1FFC5C3A-4D65-3E8D-98A6-D38493A4E24E}
		{04190BD9-B5C6-39AD-B495-71414CE41102} = {04190BD9-B5C6-39AD-B495-71414CE41102}
		{FB083A7B-0CAB-39E2-B8BD-2338EF13F44B} = {FB083A7B-0CAB-39E2-B8BD-2338EF13F44B}
	EndProjectSection
EndProject
Project("{8BC9CEB8-8B4A-11D0-8D11-00A0C91BC942}") = "Test_Collision", "test\collision\Test_Collision.vcxproj", "{4CF5B073-69BB-3CEF-B86F-7AE618627E92}"
	ProjectSection(ProjectDependencies) = postProject
		{1FFC5C3A-4D65-3E8D-98A6-D38493A4E24E} = {1FFC5C3A-4D65-3E8D-98A6-D38493A4E24E}
		{04190BD9-B5C6-39AD-B495-71414CE41102} = {04190BD9-B5C6-39AD-B495-71414CE41102}
		{FB083A7B-0CAB-39E2-B8BD-2338EF13F44B} = {FB083A7B-0CAB-39E2-B8BD-2338EF13F44B}
	EndProjectSection
EndProject
Project("{8BC9CEB8-8B4A-11D0-8D11-00A0C91BC942}") = "Test_PhysicsClientServer", "test\SharedMemory\Test_PhysicsClientServer.vcxproj", "{36C10AB5-8552-3429-995E-11B774159687}"
	ProjectSection(ProjectDependencies) = postProject
		{5E06C73B-BEE5-3FA9-ABCC-8E346EC6C08B} = {5E06C73B-BEE5-3FA9-ABCC-8E346EC6C08B}
		{F90D105A-50B7-385A-B648-6280F08AD791} = {F90D105A-50B7-385A-B648-6280F08AD791}
		{532B6B18-22C0-3FFE-B077-F8753F285F87} = {532B6B18-22C0-3FFE-B077-F8753F285F87}
		{20A43A8B-AB2D-34EC-AE54-93202BDCE5A6} = {20A43A8B-AB2D-34EC-AE54-93202BDCE5A6}
		{5BDD5BE6-8AEC-3C40-BD28-F01BDC42B30A} = {5BDD5BE6-8AEC-3C40-BD28-F01BDC42B30A}
		{7DFE0661-1FC9-3957-92AD-B5080C1C35A5} = {7DFE0661-1FC9-3957-92AD-B5080C1C35A5}
		{49B1DCF9-E36D-3143-BDD2-85A1B6BA5A10} = {49B1DCF9-E36D-3143-BDD2-85A1B6BA5A10}
		{6DB78EBA-6F09-3068-A4C3-C2173D8BC9E7} = {6DB78EBA-6F09-3068-A4C3-C2173D8BC9E7}
		{1FFC5C3A-4D65-3E8D-98A6-D38493A4E24E} = {1FFC5C3A-4D65-3E8D-98A6-D38493A4E24E}
		{04190BD9-B5C6-39AD-B495-71414CE41102} = {04190BD9-B5C6-39AD-B495-71414CE41102}
		{FB083A7B-0CAB-39E2-B8BD-2338EF13F44B} = {FB083A7B-0CAB-39E2-B8BD-2338EF13F44B}
	EndProjectSection
EndProject
Project("{8BC9CEB8-8B4A-11D0-8D11-00A0C91BC942}") = "ZERO_CHECK", "ZERO_CHECK.vcxproj", "{04190BD9-B5C6-39AD-B495-71414CE41102}"
	ProjectSection(ProjectDependencies) = postProject
	EndProjectSection
EndProject
Project("{8BC9CEB8-8B4A-11D0-8D11-00A0C91BC942}") = "gtest", "test\gtest-1.7.0\gtest.vcxproj", "{FB083A7B-0CAB-39E2-B8BD-2338EF13F44B}"
	ProjectSection(ProjectDependencies) = postProject
		{04190BD9-B5C6-39AD-B495-71414CE41102} = {04190BD9-B5C6-39AD-B495-71414CE41102}
	EndProjectSection
EndProject
Project("{8BC9CEB8-8B4A-11D0-8D11-00A0C91BC942}") = "gwen", "examples\ThirdPartyLibs\Gwen\gwen.vcxproj", "{B51B32EE-5B49-3A0E-8AD8-9727898191C8}"
	ProjectSection(ProjectDependencies) = postProject
		{04190BD9-B5C6-39AD-B495-71414CE41102} = {04190BD9-B5C6-39AD-B495-71414CE41102}
	EndProjectSection
EndProject
Global
	GlobalSection(SolutionConfigurationPlatforms) = preSolution
		Debug|Win32 = Debug|Win32
		Release|Win32 = Release|Win32
		MinSizeRel|Win32 = MinSizeRel|Win32
		RelWithDebInfo|Win32 = RelWithDebInfo|Win32
	EndGlobalSection
	GlobalSection(ProjectConfigurationPlatforms) = postSolution
		{7A93DD00-4102-358A-ABA5-B649694ABA16}.Debug|Win32.ActiveCfg = Debug|Win32
		{7A93DD00-4102-358A-ABA5-B649694ABA16}.Debug|Win32.Build.0 = Debug|Win32
		{7A93DD00-4102-358A-ABA5-B649694ABA16}.Release|Win32.ActiveCfg = Release|Win32
		{7A93DD00-4102-358A-ABA5-B649694ABA16}.Release|Win32.Build.0 = Release|Win32
		{7A93DD00-4102-358A-ABA5-B649694ABA16}.MinSizeRel|Win32.ActiveCfg = MinSizeRel|Win32
		{7A93DD00-4102-358A-ABA5-B649694ABA16}.MinSizeRel|Win32.Build.0 = MinSizeRel|Win32
		{7A93DD00-4102-358A-ABA5-B649694ABA16}.RelWithDebInfo|Win32.ActiveCfg = RelWithDebInfo|Win32
		{7A93DD00-4102-358A-ABA5-B649694ABA16}.RelWithDebInfo|Win32.Build.0 = RelWithDebInfo|Win32
		{250E22F1-2859-3088-8BB6-0A51C90000F7}.Debug|Win32.ActiveCfg = Debug|Win32
		{250E22F1-2859-3088-8BB6-0A51C90000F7}.Debug|Win32.Build.0 = Debug|Win32
		{250E22F1-2859-3088-8BB6-0A51C90000F7}.Release|Win32.ActiveCfg = Release|Win32
		{250E22F1-2859-3088-8BB6-0A51C90000F7}.Release|Win32.Build.0 = Release|Win32
		{250E22F1-2859-3088-8BB6-0A51C90000F7}.MinSizeRel|Win32.ActiveCfg = MinSizeRel|Win32
		{250E22F1-2859-3088-8BB6-0A51C90000F7}.MinSizeRel|Win32.Build.0 = MinSizeRel|Win32
		{250E22F1-2859-3088-8BB6-0A51C90000F7}.RelWithDebInfo|Win32.ActiveCfg = RelWithDebInfo|Win32
		{250E22F1-2859-3088-8BB6-0A51C90000F7}.RelWithDebInfo|Win32.Build.0 = RelWithDebInfo|Win32
		{1412D606-2FFB-3DED-B32E-F9FB2EC52F1E}.Debug|Win32.ActiveCfg = Debug|Win32
		{1412D606-2FFB-3DED-B32E-F9FB2EC52F1E}.Debug|Win32.Build.0 = Debug|Win32
		{1412D606-2FFB-3DED-B32E-F9FB2EC52F1E}.Release|Win32.ActiveCfg = Release|Win32
		{1412D606-2FFB-3DED-B32E-F9FB2EC52F1E}.Release|Win32.Build.0 = Release|Win32
		{1412D606-2FFB-3DED-B32E-F9FB2EC52F1E}.MinSizeRel|Win32.ActiveCfg = MinSizeRel|Win32
		{1412D606-2FFB-3DED-B32E-F9FB2EC52F1E}.MinSizeRel|Win32.Build.0 = MinSizeRel|Win32
		{1412D606-2FFB-3DED-B32E-F9FB2EC52F1E}.RelWithDebInfo|Win32.ActiveCfg = RelWithDebInfo|Win32
		{1412D606-2FFB-3DED-B32E-F9FB2EC52F1E}.RelWithDebInfo|Win32.Build.0 = RelWithDebInfo|Win32
		{95AFD236-A5DD-36BE-B42C-DE390311C851}.Debug|Win32.ActiveCfg = Debug|Win32
		{95AFD236-A5DD-36BE-B42C-DE390311C851}.Debug|Win32.Build.0 = Debug|Win32
		{95AFD236-A5DD-36BE-B42C-DE390311C851}.Release|Win32.ActiveCfg = Release|Win32
		{95AFD236-A5DD-36BE-B42C-DE390311C851}.Release|Win32.Build.0 = Release|Win32
		{95AFD236-A5DD-36BE-B42C-DE390311C851}.MinSizeRel|Win32.ActiveCfg = MinSizeRel|Win32
		{95AFD236-A5DD-36BE-B42C-DE390311C851}.MinSizeRel|Win32.Build.0 = MinSizeRel|Win32
		{95AFD236-A5DD-36BE-B42C-DE390311C851}.RelWithDebInfo|Win32.ActiveCfg = RelWithDebInfo|Win32
		{95AFD236-A5DD-36BE-B42C-DE390311C851}.RelWithDebInfo|Win32.Build.0 = RelWithDebInfo|Win32
		{CF3F5D4C-FEB7-3E39-A2A5-5DF27C256C2A}.Debug|Win32.ActiveCfg = Debug|Win32
		{CF3F5D4C-FEB7-3E39-A2A5-5DF27C256C2A}.Debug|Win32.Build.0 = Debug|Win32
		{CF3F5D4C-FEB7-3E39-A2A5-5DF27C256C2A}.Release|Win32.ActiveCfg = Release|Win32
		{CF3F5D4C-FEB7-3E39-A2A5-5DF27C256C2A}.Release|Win32.Build.0 = Release|Win32
		{CF3F5D4C-FEB7-3E39-A2A5-5DF27C256C2A}.MinSizeRel|Win32.ActiveCfg = MinSizeRel|Win32
		{CF3F5D4C-FEB7-3E39-A2A5-5DF27C256C2A}.MinSizeRel|Win32.Build.0 = MinSizeRel|Win32
		{CF3F5D4C-FEB7-3E39-A2A5-5DF27C256C2A}.RelWithDebInfo|Win32.ActiveCfg = RelWithDebInfo|Win32
		{CF3F5D4C-FEB7-3E39-A2A5-5DF27C256C2A}.RelWithDebInfo|Win32.Build.0 = RelWithDebInfo|Win32
		{83F9285F-90A2-3228-A89C-2AB4592E0D28}.Debug|Win32.ActiveCfg = Debug|Win32
		{83F9285F-90A2-3228-A89C-2AB4592E0D28}.Debug|Win32.Build.0 = Debug|Win32
		{83F9285F-90A2-3228-A89C-2AB4592E0D28}.Release|Win32.ActiveCfg = Release|Win32
		{83F9285F-90A2-3228-A89C-2AB4592E0D28}.Release|Win32.Build.0 = Release|Win32
		{83F9285F-90A2-3228-A89C-2AB4592E0D28}.MinSizeRel|Win32.ActiveCfg = MinSizeRel|Win32
		{83F9285F-90A2-3228-A89C-2AB4592E0D28}.MinSizeRel|Win32.Build.0 = MinSizeRel|Win32
		{83F9285F-90A2-3228-A89C-2AB4592E0D28}.RelWithDebInfo|Win32.ActiveCfg = RelWithDebInfo|Win32
		{83F9285F-90A2-3228-A89C-2AB4592E0D28}.RelWithDebInfo|Win32.Build.0 = RelWithDebInfo|Win32
		{7D80048F-4F7B-3C6D-BE80-4A8F532088CC}.Debug|Win32.ActiveCfg = Debug|Win32
		{7D80048F-4F7B-3C6D-BE80-4A8F532088CC}.Debug|Win32.Build.0 = Debug|Win32
		{7D80048F-4F7B-3C6D-BE80-4A8F532088CC}.Release|Win32.ActiveCfg = Release|Win32
		{7D80048F-4F7B-3C6D-BE80-4A8F532088CC}.Release|Win32.Build.0 = Release|Win32
		{7D80048F-4F7B-3C6D-BE80-4A8F532088CC}.MinSizeRel|Win32.ActiveCfg = MinSizeRel|Win32
		{7D80048F-4F7B-3C6D-BE80-4A8F532088CC}.MinSizeRel|Win32.Build.0 = MinSizeRel|Win32
		{7D80048F-4F7B-3C6D-BE80-4A8F532088CC}.RelWithDebInfo|Win32.ActiveCfg = RelWithDebInfo|Win32
		{7D80048F-4F7B-3C6D-BE80-4A8F532088CC}.RelWithDebInfo|Win32.Build.0 = RelWithDebInfo|Win32
		{223228F6-5DBC-3A52-B018-0B8116EB2A7D}.Debug|Win32.ActiveCfg = Debug|Win32
		{223228F6-5DBC-3A52-B018-0B8116EB2A7D}.Debug|Win32.Build.0 = Debug|Win32
		{223228F6-5DBC-3A52-B018-0B8116EB2A7D}.Release|Win32.ActiveCfg = Release|Win32
		{223228F6-5DBC-3A52-B018-0B8116EB2A7D}.Release|Win32.Build.0 = Release|Win32
		{223228F6-5DBC-3A52-B018-0B8116EB2A7D}.MinSizeRel|Win32.ActiveCfg = MinSizeRel|Win32
		{223228F6-5DBC-3A52-B018-0B8116EB2A7D}.MinSizeRel|Win32.Build.0 = MinSizeRel|Win32
		{223228F6-5DBC-3A52-B018-0B8116EB2A7D}.RelWithDebInfo|Win32.ActiveCfg = RelWithDebInfo|Win32
		{223228F6-5DBC-3A52-B018-0B8116EB2A7D}.RelWithDebInfo|Win32.Build.0 = RelWithDebInfo|Win32
		{95E91150-3C79-33DB-AF5B-838BF38357E6}.Debug|Win32.ActiveCfg = Debug|Win32
		{95E91150-3C79-33DB-AF5B-838BF38357E6}.Debug|Win32.Build.0 = Debug|Win32
		{95E91150-3C79-33DB-AF5B-838BF38357E6}.Release|Win32.ActiveCfg = Release|Win32
		{95E91150-3C79-33DB-AF5B-838BF38357E6}.Release|Win32.Build.0 = Release|Win32
		{95E91150-3C79-33DB-AF5B-838BF38357E6}.MinSizeRel|Win32.ActiveCfg = MinSizeRel|Win32
		{95E91150-3C79-33DB-AF5B-838BF38357E6}.MinSizeRel|Win32.Build.0 = MinSizeRel|Win32
		{95E91150-3C79-33DB-AF5B-838BF38357E6}.RelWithDebInfo|Win32.ActiveCfg = RelWithDebInfo|Win32
		{95E91150-3C79-33DB-AF5B-838BF38357E6}.RelWithDebInfo|Win32.Build.0 = RelWithDebInfo|Win32
		{5E06C73B-BEE5-3FA9-ABCC-8E346EC6C08B}.Debug|Win32.ActiveCfg = Debug|Win32
		{5E06C73B-BEE5-3FA9-ABCC-8E346EC6C08B}.Debug|Win32.Build.0 = Debug|Win32
		{5E06C73B-BEE5-3FA9-ABCC-8E346EC6C08B}.Release|Win32.ActiveCfg = Release|Win32
		{5E06C73B-BEE5-3FA9-ABCC-8E346EC6C08B}.Release|Win32.Build.0 = Release|Win32
		{5E06C73B-BEE5-3FA9-ABCC-8E346EC6C08B}.MinSizeRel|Win32.ActiveCfg = MinSizeRel|Win32
		{5E06C73B-BEE5-3FA9-ABCC-8E346EC6C08B}.MinSizeRel|Win32.Build.0 = MinSizeRel|Win32
		{5E06C73B-BEE5-3FA9-ABCC-8E346EC6C08B}.RelWithDebInfo|Win32.ActiveCfg = RelWithDebInfo|Win32
		{5E06C73B-BEE5-3FA9-ABCC-8E346EC6C08B}.RelWithDebInfo|Win32.Build.0 = RelWithDebInfo|Win32
		{7C8B4C7F-FDF4-339A-B37B-F621565149FF}.Debug|Win32.ActiveCfg = Debug|Win32
		{7C8B4C7F-FDF4-339A-B37B-F621565149FF}.Debug|Win32.Build.0 = Debug|Win32
		{7C8B4C7F-FDF4-339A-B37B-F621565149FF}.Release|Win32.ActiveCfg = Release|Win32
		{7C8B4C7F-FDF4-339A-B37B-F621565149FF}.Release|Win32.Build.0 = Release|Win32
		{7C8B4C7F-FDF4-339A-B37B-F621565149FF}.MinSizeRel|Win32.ActiveCfg = MinSizeRel|Win32
		{7C8B4C7F-FDF4-339A-B37B-F621565149FF}.MinSizeRel|Win32.Build.0 = MinSizeRel|Win32
		{7C8B4C7F-FDF4-339A-B37B-F621565149FF}.RelWithDebInfo|Win32.ActiveCfg = RelWithDebInfo|Win32
		{7C8B4C7F-FDF4-339A-B37B-F621565149FF}.RelWithDebInfo|Win32.Build.0 = RelWithDebInfo|Win32
		{3CB2E8FB-CC54-3F46-86AE-6F22092EFDC1}.Debug|Win32.ActiveCfg = Debug|Win32
		{3CB2E8FB-CC54-3F46-86AE-6F22092EFDC1}.Debug|Win32.Build.0 = Debug|Win32
		{3CB2E8FB-CC54-3F46-86AE-6F22092EFDC1}.Release|Win32.ActiveCfg = Release|Win32
		{3CB2E8FB-CC54-3F46-86AE-6F22092EFDC1}.Release|Win32.Build.0 = Release|Win32
		{3CB2E8FB-CC54-3F46-86AE-6F22092EFDC1}.MinSizeRel|Win32.ActiveCfg = MinSizeRel|Win32
		{3CB2E8FB-CC54-3F46-86AE-6F22092EFDC1}.MinSizeRel|Win32.Build.0 = MinSizeRel|Win32
		{3CB2E8FB-CC54-3F46-86AE-6F22092EFDC1}.RelWithDebInfo|Win32.ActiveCfg = RelWithDebInfo|Win32
		{3CB2E8FB-CC54-3F46-86AE-6F22092EFDC1}.RelWithDebInfo|Win32.Build.0 = RelWithDebInfo|Win32
		{56178550-C6DC-3032-9DAA-973507D45080}.Debug|Win32.ActiveCfg = Debug|Win32
		{56178550-C6DC-3032-9DAA-973507D45080}.Debug|Win32.Build.0 = Debug|Win32
		{56178550-C6DC-3032-9DAA-973507D45080}.Release|Win32.ActiveCfg = Release|Win32
		{56178550-C6DC-3032-9DAA-973507D45080}.Release|Win32.Build.0 = Release|Win32
		{56178550-C6DC-3032-9DAA-973507D45080}.MinSizeRel|Win32.ActiveCfg = MinSizeRel|Win32
		{56178550-C6DC-3032-9DAA-973507D45080}.MinSizeRel|Win32.Build.0 = MinSizeRel|Win32
		{56178550-C6DC-3032-9DAA-973507D45080}.RelWithDebInfo|Win32.ActiveCfg = RelWithDebInfo|Win32
		{56178550-C6DC-3032-9DAA-973507D45080}.RelWithDebInfo|Win32.Build.0 = RelWithDebInfo|Win32
		{F90D105A-50B7-385A-B648-6280F08AD791}.Debug|Win32.ActiveCfg = Debug|Win32
		{F90D105A-50B7-385A-B648-6280F08AD791}.Debug|Win32.Build.0 = Debug|Win32
		{F90D105A-50B7-385A-B648-6280F08AD791}.Release|Win32.ActiveCfg = Release|Win32
		{F90D105A-50B7-385A-B648-6280F08AD791}.Release|Win32.Build.0 = Release|Win32
		{F90D105A-50B7-385A-B648-6280F08AD791}.MinSizeRel|Win32.ActiveCfg = MinSizeRel|Win32
		{F90D105A-50B7-385A-B648-6280F08AD791}.MinSizeRel|Win32.Build.0 = MinSizeRel|Win32
		{F90D105A-50B7-385A-B648-6280F08AD791}.RelWithDebInfo|Win32.ActiveCfg = RelWithDebInfo|Win32
		{F90D105A-50B7-385A-B648-6280F08AD791}.RelWithDebInfo|Win32.Build.0 = RelWithDebInfo|Win32
		{532B6B18-22C0-3FFE-B077-F8753F285F87}.Debug|Win32.ActiveCfg = Debug|Win32
		{532B6B18-22C0-3FFE-B077-F8753F285F87}.Debug|Win32.Build.0 = Debug|Win32
		{532B6B18-22C0-3FFE-B077-F8753F285F87}.Release|Win32.ActiveCfg = Release|Win32
		{532B6B18-22C0-3FFE-B077-F8753F285F87}.Release|Win32.Build.0 = Release|Win32
		{532B6B18-22C0-3FFE-B077-F8753F285F87}.MinSizeRel|Win32.ActiveCfg = MinSizeRel|Win32
		{532B6B18-22C0-3FFE-B077-F8753F285F87}.MinSizeRel|Win32.Build.0 = MinSizeRel|Win32
		{532B6B18-22C0-3FFE-B077-F8753F285F87}.RelWithDebInfo|Win32.ActiveCfg = RelWithDebInfo|Win32
		{532B6B18-22C0-3FFE-B077-F8753F285F87}.RelWithDebInfo|Win32.Build.0 = RelWithDebInfo|Win32
		{212DF4A1-02A9-334D-8134-B06A4D7CE62A}.Debug|Win32.ActiveCfg = Debug|Win32
		{212DF4A1-02A9-334D-8134-B06A4D7CE62A}.Debug|Win32.Build.0 = Debug|Win32
		{212DF4A1-02A9-334D-8134-B06A4D7CE62A}.Release|Win32.ActiveCfg = Release|Win32
		{212DF4A1-02A9-334D-8134-B06A4D7CE62A}.Release|Win32.Build.0 = Release|Win32
		{212DF4A1-02A9-334D-8134-B06A4D7CE62A}.MinSizeRel|Win32.ActiveCfg = MinSizeRel|Win32
		{212DF4A1-02A9-334D-8134-B06A4D7CE62A}.MinSizeRel|Win32.Build.0 = MinSizeRel|Win32
		{212DF4A1-02A9-334D-8134-B06A4D7CE62A}.RelWithDebInfo|Win32.ActiveCfg = RelWithDebInfo|Win32
		{212DF4A1-02A9-334D-8134-B06A4D7CE62A}.RelWithDebInfo|Win32.Build.0 = RelWithDebInfo|Win32
		{20A43A8B-AB2D-34EC-AE54-93202BDCE5A6}.Debug|Win32.ActiveCfg = Debug|Win32
		{20A43A8B-AB2D-34EC-AE54-93202BDCE5A6}.Debug|Win32.Build.0 = Debug|Win32
		{20A43A8B-AB2D-34EC-AE54-93202BDCE5A6}.Release|Win32.ActiveCfg = Release|Win32
		{20A43A8B-AB2D-34EC-AE54-93202BDCE5A6}.Release|Win32.Build.0 = Release|Win32
		{20A43A8B-AB2D-34EC-AE54-93202BDCE5A6}.MinSizeRel|Win32.ActiveCfg = MinSizeRel|Win32
		{20A43A8B-AB2D-34EC-AE54-93202BDCE5A6}.MinSizeRel|Win32.Build.0 = MinSizeRel|Win32
		{20A43A8B-AB2D-34EC-AE54-93202BDCE5A6}.RelWithDebInfo|Win32.ActiveCfg = RelWithDebInfo|Win32
		{20A43A8B-AB2D-34EC-AE54-93202BDCE5A6}.RelWithDebInfo|Win32.Build.0 = RelWithDebInfo|Win32
		{5BDD5BE6-8AEC-3C40-BD28-F01BDC42B30A}.Debug|Win32.ActiveCfg = Debug|Win32
		{5BDD5BE6-8AEC-3C40-BD28-F01BDC42B30A}.Debug|Win32.Build.0 = Debug|Win32
		{5BDD5BE6-8AEC-3C40-BD28-F01BDC42B30A}.Release|Win32.ActiveCfg = Release|Win32
		{5BDD5BE6-8AEC-3C40-BD28-F01BDC42B30A}.Release|Win32.Build.0 = Release|Win32
		{5BDD5BE6-8AEC-3C40-BD28-F01BDC42B30A}.MinSizeRel|Win32.ActiveCfg = MinSizeRel|Win32
		{5BDD5BE6-8AEC-3C40-BD28-F01BDC42B30A}.MinSizeRel|Win32.Build.0 = MinSizeRel|Win32
		{5BDD5BE6-8AEC-3C40-BD28-F01BDC42B30A}.RelWithDebInfo|Win32.ActiveCfg = RelWithDebInfo|Win32
		{5BDD5BE6-8AEC-3C40-BD28-F01BDC42B30A}.RelWithDebInfo|Win32.Build.0 = RelWithDebInfo|Win32
		{7DFE0661-1FC9-3957-92AD-B5080C1C35A5}.Debug|Win32.ActiveCfg = Debug|Win32
		{7DFE0661-1FC9-3957-92AD-B5080C1C35A5}.Debug|Win32.Build.0 = Debug|Win32
		{7DFE0661-1FC9-3957-92AD-B5080C1C35A5}.Release|Win32.ActiveCfg = Release|Win32
		{7DFE0661-1FC9-3957-92AD-B5080C1C35A5}.Release|Win32.Build.0 = Release|Win32
		{7DFE0661-1FC9-3957-92AD-B5080C1C35A5}.MinSizeRel|Win32.ActiveCfg = MinSizeRel|Win32
		{7DFE0661-1FC9-3957-92AD-B5080C1C35A5}.MinSizeRel|Win32.Build.0 = MinSizeRel|Win32
		{7DFE0661-1FC9-3957-92AD-B5080C1C35A5}.RelWithDebInfo|Win32.ActiveCfg = RelWithDebInfo|Win32
		{7DFE0661-1FC9-3957-92AD-B5080C1C35A5}.RelWithDebInfo|Win32.Build.0 = RelWithDebInfo|Win32
		{AFB46437-383C-393D-A01A-98C614D8CB93}.Debug|Win32.ActiveCfg = Debug|Win32
		{AFB46437-383C-393D-A01A-98C614D8CB93}.Debug|Win32.Build.0 = Debug|Win32
		{AFB46437-383C-393D-A01A-98C614D8CB93}.Release|Win32.ActiveCfg = Release|Win32
		{AFB46437-383C-393D-A01A-98C614D8CB93}.Release|Win32.Build.0 = Release|Win32
		{AFB46437-383C-393D-A01A-98C614D8CB93}.MinSizeRel|Win32.ActiveCfg = MinSizeRel|Win32
		{AFB46437-383C-393D-A01A-98C614D8CB93}.MinSizeRel|Win32.Build.0 = MinSizeRel|Win32
		{AFB46437-383C-393D-A01A-98C614D8CB93}.RelWithDebInfo|Win32.ActiveCfg = RelWithDebInfo|Win32
		{AFB46437-383C-393D-A01A-98C614D8CB93}.RelWithDebInfo|Win32.Build.0 = RelWithDebInfo|Win32
		{49B1DCF9-E36D-3143-BDD2-85A1B6BA5A10}.Debug|Win32.ActiveCfg = Debug|Win32
		{49B1DCF9-E36D-3143-BDD2-85A1B6BA5A10}.Debug|Win32.Build.0 = Debug|Win32
		{49B1DCF9-E36D-3143-BDD2-85A1B6BA5A10}.Release|Win32.ActiveCfg = Release|Win32
		{49B1DCF9-E36D-3143-BDD2-85A1B6BA5A10}.Release|Win32.Build.0 = Release|Win32
		{49B1DCF9-E36D-3143-BDD2-85A1B6BA5A10}.MinSizeRel|Win32.ActiveCfg = MinSizeRel|Win32
		{49B1DCF9-E36D-3143-BDD2-85A1B6BA5A10}.MinSizeRel|Win32.Build.0 = MinSizeRel|Win32
		{49B1DCF9-E36D-3143-BDD2-85A1B6BA5A10}.RelWithDebInfo|Win32.ActiveCfg = RelWithDebInfo|Win32
		{49B1DCF9-E36D-3143-BDD2-85A1B6BA5A10}.RelWithDebInfo|Win32.Build.0 = RelWithDebInfo|Win32
		{5211BA1D-9D3D-367A-B950-94AF9A1AE30F}.Debug|Win32.ActiveCfg = Debug|Win32
		{5211BA1D-9D3D-367A-B950-94AF9A1AE30F}.Debug|Win32.Build.0 = Debug|Win32
		{5211BA1D-9D3D-367A-B950-94AF9A1AE30F}.Release|Win32.ActiveCfg = Release|Win32
		{5211BA1D-9D3D-367A-B950-94AF9A1AE30F}.Release|Win32.Build.0 = Release|Win32
		{5211BA1D-9D3D-367A-B950-94AF9A1AE30F}.MinSizeRel|Win32.ActiveCfg = MinSizeRel|Win32
		{5211BA1D-9D3D-367A-B950-94AF9A1AE30F}.MinSizeRel|Win32.Build.0 = MinSizeRel|Win32
		{5211BA1D-9D3D-367A-B950-94AF9A1AE30F}.RelWithDebInfo|Win32.ActiveCfg = RelWithDebInfo|Win32
		{5211BA1D-9D3D-367A-B950-94AF9A1AE30F}.RelWithDebInfo|Win32.Build.0 = RelWithDebInfo|Win32
		{6DB78EBA-6F09-3068-A4C3-C2173D8BC9E7}.Debug|Win32.ActiveCfg = Debug|Win32
		{6DB78EBA-6F09-3068-A4C3-C2173D8BC9E7}.Debug|Win32.Build.0 = Debug|Win32
		{6DB78EBA-6F09-3068-A4C3-C2173D8BC9E7}.Release|Win32.ActiveCfg = Release|Win32
		{6DB78EBA-6F09-3068-A4C3-C2173D8BC9E7}.Release|Win32.Build.0 = Release|Win32
		{6DB78EBA-6F09-3068-A4C3-C2173D8BC9E7}.MinSizeRel|Win32.ActiveCfg = MinSizeRel|Win32
		{6DB78EBA-6F09-3068-A4C3-C2173D8BC9E7}.MinSizeRel|Win32.Build.0 = MinSizeRel|Win32
		{6DB78EBA-6F09-3068-A4C3-C2173D8BC9E7}.RelWithDebInfo|Win32.ActiveCfg = RelWithDebInfo|Win32
		{6DB78EBA-6F09-3068-A4C3-C2173D8BC9E7}.RelWithDebInfo|Win32.Build.0 = RelWithDebInfo|Win32
		{8121C211-E4CB-3477-A12E-77CB8EFC44C9}.Debug|Win32.ActiveCfg = Debug|Win32
		{8121C211-E4CB-3477-A12E-77CB8EFC44C9}.Debug|Win32.Build.0 = Debug|Win32
		{8121C211-E4CB-3477-A12E-77CB8EFC44C9}.Release|Win32.ActiveCfg = Release|Win32
		{8121C211-E4CB-3477-A12E-77CB8EFC44C9}.Release|Win32.Build.0 = Release|Win32
		{8121C211-E4CB-3477-A12E-77CB8EFC44C9}.MinSizeRel|Win32.ActiveCfg = MinSizeRel|Win32
		{8121C211-E4CB-3477-A12E-77CB8EFC44C9}.MinSizeRel|Win32.Build.0 = MinSizeRel|Win32
		{8121C211-E4CB-3477-A12E-77CB8EFC44C9}.RelWithDebInfo|Win32.ActiveCfg = RelWithDebInfo|Win32
		{8121C211-E4CB-3477-A12E-77CB8EFC44C9}.RelWithDebInfo|Win32.Build.0 = RelWithDebInfo|Win32
		{EB3335B6-C7CA-3B79-82F0-9CBCB0A0B17A}.Debug|Win32.ActiveCfg = Debug|Win32
		{EB3335B6-C7CA-3B79-82F0-9CBCB0A0B17A}.Debug|Win32.Build.0 = Debug|Win32
		{EB3335B6-C7CA-3B79-82F0-9CBCB0A0B17A}.Release|Win32.ActiveCfg = Release|Win32
		{EB3335B6-C7CA-3B79-82F0-9CBCB0A0B17A}.Release|Win32.Build.0 = Release|Win32
		{EB3335B6-C7CA-3B79-82F0-9CBCB0A0B17A}.MinSizeRel|Win32.ActiveCfg = MinSizeRel|Win32
		{EB3335B6-C7CA-3B79-82F0-9CBCB0A0B17A}.MinSizeRel|Win32.Build.0 = MinSizeRel|Win32
		{EB3335B6-C7CA-3B79-82F0-9CBCB0A0B17A}.RelWithDebInfo|Win32.ActiveCfg = RelWithDebInfo|Win32
		{EB3335B6-C7CA-3B79-82F0-9CBCB0A0B17A}.RelWithDebInfo|Win32.Build.0 = RelWithDebInfo|Win32
		{06C9C3AE-4E71-37D5-B523-C523A4179E0D}.Debug|Win32.ActiveCfg = Debug|Win32
		{06C9C3AE-4E71-37D5-B523-C523A4179E0D}.Debug|Win32.Build.0 = Debug|Win32
		{06C9C3AE-4E71-37D5-B523-C523A4179E0D}.Release|Win32.ActiveCfg = Release|Win32
		{06C9C3AE-4E71-37D5-B523-C523A4179E0D}.Release|Win32.Build.0 = Release|Win32
		{06C9C3AE-4E71-37D5-B523-C523A4179E0D}.MinSizeRel|Win32.ActiveCfg = MinSizeRel|Win32
		{06C9C3AE-4E71-37D5-B523-C523A4179E0D}.MinSizeRel|Win32.Build.0 = MinSizeRel|Win32
		{06C9C3AE-4E71-37D5-B523-C523A4179E0D}.RelWithDebInfo|Win32.ActiveCfg = RelWithDebInfo|Win32
		{06C9C3AE-4E71-37D5-B523-C523A4179E0D}.RelWithDebInfo|Win32.Build.0 = RelWithDebInfo|Win32
		{282E4E3A-B5F0-3894-BBDD-0EE58FE9D68D}.Debug|Win32.ActiveCfg = Debug|Win32
		{282E4E3A-B5F0-3894-BBDD-0EE58FE9D68D}.Release|Win32.ActiveCfg = Release|Win32
		{282E4E3A-B5F0-3894-BBDD-0EE58FE9D68D}.MinSizeRel|Win32.ActiveCfg = MinSizeRel|Win32
		{282E4E3A-B5F0-3894-BBDD-0EE58FE9D68D}.RelWithDebInfo|Win32.ActiveCfg = RelWithDebInfo|Win32
		{1FFC5C3A-4D65-3E8D-98A6-D38493A4E24E}.Debug|Win32.ActiveCfg = Debug|Win32
		{1FFC5C3A-4D65-3E8D-98A6-D38493A4E24E}.Debug|Win32.Build.0 = Debug|Win32
		{1FFC5C3A-4D65-3E8D-98A6-D38493A4E24E}.Release|Win32.ActiveCfg = Release|Win32
		{1FFC5C3A-4D65-3E8D-98A6-D38493A4E24E}.Release|Win32.Build.0 = Release|Win32
		{1FFC5C3A-4D65-3E8D-98A6-D38493A4E24E}.MinSizeRel|Win32.ActiveCfg = MinSizeRel|Win32
		{1FFC5C3A-4D65-3E8D-98A6-D38493A4E24E}.MinSizeRel|Win32.Build.0 = MinSizeRel|Win32
		{1FFC5C3A-4D65-3E8D-98A6-D38493A4E24E}.RelWithDebInfo|Win32.ActiveCfg = RelWithDebInfo|Win32
		{1FFC5C3A-4D65-3E8D-98A6-D38493A4E24E}.RelWithDebInfo|Win32.Build.0 = RelWithDebInfo|Win32
		{4E2C1E13-4AC2-3E1B-A9BE-08BB0D4468EF}.Debug|Win32.ActiveCfg = Debug|Win32
		{4E2C1E13-4AC2-3E1B-A9BE-08BB0D4468EF}.Debug|Win32.Build.0 = Debug|Win32
		{4E2C1E13-4AC2-3E1B-A9BE-08BB0D4468EF}.Release|Win32.ActiveCfg = Release|Win32
		{4E2C1E13-4AC2-3E1B-A9BE-08BB0D4468EF}.Release|Win32.Build.0 = Release|Win32
		{4E2C1E13-4AC2-3E1B-A9BE-08BB0D4468EF}.MinSizeRel|Win32.ActiveCfg = MinSizeRel|Win32
		{4E2C1E13-4AC2-3E1B-A9BE-08BB0D4468EF}.MinSizeRel|Win32.Build.0 = MinSizeRel|Win32
		{4E2C1E13-4AC2-3E1B-A9BE-08BB0D4468EF}.RelWithDebInfo|Win32.ActiveCfg = RelWithDebInfo|Win32
		{4E2C1E13-4AC2-3E1B-A9BE-08BB0D4468EF}.RelWithDebInfo|Win32.Build.0 = RelWithDebInfo|Win32
		{0AFDCC0A-1C07-3ADF-9E85-F1BF1905A2FA}.Debug|Win32.ActiveCfg = Debug|Win32
		{0AFDCC0A-1C07-3ADF-9E85-F1BF1905A2FA}.Release|Win32.ActiveCfg = Release|Win32
		{0AFDCC0A-1C07-3ADF-9E85-F1BF1905A2FA}.MinSizeRel|Win32.ActiveCfg = MinSizeRel|Win32
		{0AFDCC0A-1C07-3ADF-9E85-F1BF1905A2FA}.RelWithDebInfo|Win32.ActiveCfg = RelWithDebInfo|Win32
		{5F00CFEA-451D-3CE9-971C-569D973FFE45}.Debug|Win32.ActiveCfg = Debug|Win32
		{5F00CFEA-451D-3CE9-971C-569D973FFE45}.Debug|Win32.Build.0 = Debug|Win32
		{5F00CFEA-451D-3CE9-971C-569D973FFE45}.Release|Win32.ActiveCfg = Release|Win32
		{5F00CFEA-451D-3CE9-971C-569D973FFE45}.Release|Win32.Build.0 = Release|Win32
		{5F00CFEA-451D-3CE9-971C-569D973FFE45}.MinSizeRel|Win32.ActiveCfg = MinSizeRel|Win32
		{5F00CFEA-451D-3CE9-971C-569D973FFE45}.MinSizeRel|Win32.Build.0 = MinSizeRel|Win32
		{5F00CFEA-451D-3CE9-971C-569D973FFE45}.RelWithDebInfo|Win32.ActiveCfg = RelWithDebInfo|Win32
		{5F00CFEA-451D-3CE9-971C-569D973FFE45}.RelWithDebInfo|Win32.Build.0 = RelWithDebInfo|Win32
		{8884A461-CE58-3042-BC6B-50853318D128}.Debug|Win32.ActiveCfg = Debug|Win32
		{8884A461-CE58-3042-BC6B-50853318D128}.Debug|Win32.Build.0 = Debug|Win32
		{8884A461-CE58-3042-BC6B-50853318D128}.Release|Win32.ActiveCfg = Release|Win32
		{8884A461-CE58-3042-BC6B-50853318D128}.Release|Win32.Build.0 = Release|Win32
		{8884A461-CE58-3042-BC6B-50853318D128}.MinSizeRel|Win32.ActiveCfg = MinSizeRel|Win32
		{8884A461-CE58-3042-BC6B-50853318D128}.MinSizeRel|Win32.Build.0 = MinSizeRel|Win32
		{8884A461-CE58-3042-BC6B-50853318D128}.RelWithDebInfo|Win32.ActiveCfg = RelWithDebInfo|Win32
		{8884A461-CE58-3042-BC6B-50853318D128}.RelWithDebInfo|Win32.Build.0 = RelWithDebInfo|Win32
		{C26E1CC1-EF51-36A4-BA24-54B857D6D0DB}.Debug|Win32.ActiveCfg = Debug|Win32
		{C26E1CC1-EF51-36A4-BA24-54B857D6D0DB}.Debug|Win32.Build.0 = Debug|Win32
		{C26E1CC1-EF51-36A4-BA24-54B857D6D0DB}.Release|Win32.ActiveCfg = Release|Win32
		{C26E1CC1-EF51-36A4-BA24-54B857D6D0DB}.Release|Win32.Build.0 = Release|Win32
		{C26E1CC1-EF51-36A4-BA24-54B857D6D0DB}.MinSizeRel|Win32.ActiveCfg = MinSizeRel|Win32
		{C26E1CC1-EF51-36A4-BA24-54B857D6D0DB}.MinSizeRel|Win32.Build.0 = MinSizeRel|Win32
		{C26E1CC1-EF51-36A4-BA24-54B857D6D0DB}.RelWithDebInfo|Win32.ActiveCfg = RelWithDebInfo|Win32
		{C26E1CC1-EF51-36A4-BA24-54B857D6D0DB}.RelWithDebInfo|Win32.Build.0 = RelWithDebInfo|Win32
		{2DB10F52-491A-3766-BAC3-D1CB7CBEAE1C}.Debug|Win32.ActiveCfg = Debug|Win32
		{2DB10F52-491A-3766-BAC3-D1CB7CBEAE1C}.Debug|Win32.Build.0 = Debug|Win32
		{2DB10F52-491A-3766-BAC3-D1CB7CBEAE1C}.Release|Win32.ActiveCfg = Release|Win32
		{2DB10F52-491A-3766-BAC3-D1CB7CBEAE1C}.Release|Win32.Build.0 = Release|Win32
		{2DB10F52-491A-3766-BAC3-D1CB7CBEAE1C}.MinSizeRel|Win32.ActiveCfg = MinSizeRel|Win32
		{2DB10F52-491A-3766-BAC3-D1CB7CBEAE1C}.MinSizeRel|Win32.Build.0 = MinSizeRel|Win32
		{2DB10F52-491A-3766-BAC3-D1CB7CBEAE1C}.RelWithDebInfo|Win32.ActiveCfg = RelWithDebInfo|Win32
		{2DB10F52-491A-3766-BAC3-D1CB7CBEAE1C}.RelWithDebInfo|Win32.Build.0 = RelWithDebInfo|Win32
		{4CF5B073-69BB-3CEF-B86F-7AE618627E92}.Debug|Win32.ActiveCfg = Debug|Win32
		{4CF5B073-69BB-3CEF-B86F-7AE618627E92}.Debug|Win32.Build.0 = Debug|Win32
		{4CF5B073-69BB-3CEF-B86F-7AE618627E92}.Release|Win32.ActiveCfg = Release|Win32
		{4CF5B073-69BB-3CEF-B86F-7AE618627E92}.Release|Win32.Build.0 = Release|Win32
		{4CF5B073-69BB-3CEF-B86F-7AE618627E92}.MinSizeRel|Win32.ActiveCfg = MinSizeRel|Win32
		{4CF5B073-69BB-3CEF-B86F-7AE618627E92}.MinSizeRel|Win32.Build.0 = MinSizeRel|Win32
		{4CF5B073-69BB-3CEF-B86F-7AE618627E92}.RelWithDebInfo|Win32.ActiveCfg = RelWithDebInfo|Win32
		{4CF5B073-69BB-3CEF-B86F-7AE618627E92}.RelWithDebInfo|Win32.Build.0 = RelWithDebInfo|Win32
		{36C10AB5-8552-3429-995E-11B774159687}.Debug|Win32.ActiveCfg = Debug|Win32
		{36C10AB5-8552-3429-995E-11B774159687}.Debug|Win32.Build.0 = Debug|Win32
		{36C10AB5-8552-3429-995E-11B774159687}.Release|Win32.ActiveCfg = Release|Win32
		{36C10AB5-8552-3429-995E-11B774159687}.Release|Win32.Build.0 = Release|Win32
		{36C10AB5-8552-3429-995E-11B774159687}.MinSizeRel|Win32.ActiveCfg = MinSizeRel|Win32
		{36C10AB5-8552-3429-995E-11B774159687}.MinSizeRel|Win32.Build.0 = MinSizeRel|Win32
		{36C10AB5-8552-3429-995E-11B774159687}.RelWithDebInfo|Win32.ActiveCfg = RelWithDebInfo|Win32
		{36C10AB5-8552-3429-995E-11B774159687}.RelWithDebInfo|Win32.Build.0 = RelWithDebInfo|Win32
		{04190BD9-B5C6-39AD-B495-71414CE41102}.Debug|Win32.ActiveCfg = Debug|Win32
		{04190BD9-B5C6-39AD-B495-71414CE41102}.Debug|Win32.Build.0 = Debug|Win32
		{04190BD9-B5C6-39AD-B495-71414CE41102}.Release|Win32.ActiveCfg = Release|Win32
		{04190BD9-B5C6-39AD-B495-71414CE41102}.Release|Win32.Build.0 = Release|Win32
		{04190BD9-B5C6-39AD-B495-71414CE41102}.MinSizeRel|Win32.ActiveCfg = MinSizeRel|Win32
		{04190BD9-B5C6-39AD-B495-71414CE41102}.MinSizeRel|Win32.Build.0 = MinSizeRel|Win32
		{04190BD9-B5C6-39AD-B495-71414CE41102}.RelWithDebInfo|Win32.ActiveCfg = RelWithDebInfo|Win32
		{04190BD9-B5C6-39AD-B495-71414CE41102}.RelWithDebInfo|Win32.Build.0 = RelWithDebInfo|Win32
		{FB083A7B-0CAB-39E2-B8BD-2338EF13F44B}.Debug|Win32.ActiveCfg = Debug|Win32
		{FB083A7B-0CAB-39E2-B8BD-2338EF13F44B}.Debug|Win32.Build.0 = Debug|Win32
		{FB083A7B-0CAB-39E2-B8BD-2338EF13F44B}.Release|Win32.ActiveCfg = Release|Win32
		{FB083A7B-0CAB-39E2-B8BD-2338EF13F44B}.Release|Win32.Build.0 = Release|Win32
		{FB083A7B-0CAB-39E2-B8BD-2338EF13F44B}.MinSizeRel|Win32.ActiveCfg = MinSizeRel|Win32
		{FB083A7B-0CAB-39E2-B8BD-2338EF13F44B}.MinSizeRel|Win32.Build.0 = MinSizeRel|Win32
		{FB083A7B-0CAB-39E2-B8BD-2338EF13F44B}.RelWithDebInfo|Win32.ActiveCfg = RelWithDebInfo|Win32
		{FB083A7B-0CAB-39E2-B8BD-2338EF13F44B}.RelWithDebInfo|Win32.Build.0 = RelWithDebInfo|Win32
		{B51B32EE-5B49-3A0E-8AD8-9727898191C8}.Debug|Win32.ActiveCfg = Debug|Win32
		{B51B32EE-5B49-3A0E-8AD8-9727898191C8}.Debug|Win32.Build.0 = Debug|Win32
		{B51B32EE-5B49-3A0E-8AD8-9727898191C8}.Release|Win32.ActiveCfg = Release|Win32
		{B51B32EE-5B49-3A0E-8AD8-9727898191C8}.Release|Win32.Build.0 = Release|Win32
		{B51B32EE-5B49-3A0E-8AD8-9727898191C8}.MinSizeRel|Win32.ActiveCfg = MinSizeRel|Win32
		{B51B32EE-5B49-3A0E-8AD8-9727898191C8}.MinSizeRel|Win32.Build.0 = MinSizeRel|Win32
		{B51B32EE-5B49-3A0E-8AD8-9727898191C8}.RelWithDebInfo|Win32.ActiveCfg = RelWithDebInfo|Win32
		{B51B32EE-5B49-3A0E-8AD8-9727898191C8}.RelWithDebInfo|Win32.Build.0 = RelWithDebInfo|Win32
	EndGlobalSection
	GlobalSection(ExtensibilityGlobals) = postSolution
	EndGlobalSection
	GlobalSection(ExtensibilityAddIns) = postSolution
	EndGlobalSection
EndGlobal
